{
  "name": "apicaching",
  "version": "0.1.0",
  "lockfileVersion": 1,
  "requires": true,
  "dependencies": {
    "lodash.get": {
      "version": "4.4.2",
      "resolved": "https://registry.npmjs.org/lodash.get/-/lodash.get-4.4.2.tgz",
      "integrity": "sha1-LRd/ZS+jHpObRDjVNBSZ36OCXpk=",
      "dev": true
    },
    "lodash.isempty": {
      "version": "4.4.0",
      "resolved": "https://registry.npmjs.org/lodash.isempty/-/lodash.isempty-4.4.0.tgz",
      "integrity": "sha1-b4bL7di+TsmHvpqvM8loTbGzHn4=",
      "dev": true
    },
    "lodash.split": {
      "version": "4.4.2",
      "resolved": "https://registry.npmjs.org/lodash.split/-/lodash.split-4.4.2.tgz",
      "integrity": "sha1-p/e9nzeWi5MSQo4vOsP7MXPEw8Y=",
      "dev": true
    },
    "serverless-api-gateway-caching": {
      "version": "1.4.1",
      "resolved": "https://registry.npmjs.org/serverless-api-gateway-caching/-/serverless-api-gateway-caching-1.4.1.tgz",
      "integrity": "sha512-IdNjfHue3i26paV1QufNMTV43qHVSeUBrJZ35npLSw3yRK6RT1i+/TDid3r9XfQS4Pbl8t6voPC/WxoMRbvPlw==",
      "dev": true,
      "requires": {
        "lodash.get": "^4.4.2",
        "lodash.isempty": "^4.4.0",
        "lodash.split": "^4.4.0"
      }
    }
  }
}
